{
  "name": "clean-api-vanilla-js",
  "lockfileVersion": 3,
  "requires": true,
  "packages": {
    "": {
      "dependencies": {
        "@ba-calderonmorales/clean-api": "^0.0.2"
      }
    },
    "node_modules/@ba-calderonmorales/clean-api": {
      "version": "0.0.2",
      "resolved": "https://registry.npmjs.org/@ba-calderonmorales/clean-api/-/clean-api-0.0.2.tgz",
      "integrity": "sha512-K7WLcYdEo4TMu3MakM8IWyYK44FzG7t1Xa+F+QH8tSdydi5/crqwjsJWTW8uIUZdTR+Ap9q12qDDSNkXVLgwYw=="
    }
  }
}
